
Microsoft Visual Studio Solution File, Format Version 12.00
# Visual Studio Version 17
VisualStudioVersion = 17.10.35013.160
MinimumVisualStudioVersion = 10.0.40219.1
Project("{8BC9CEB8-8B4A-11D0-8D11-00A0C91BC942}") = "lab1", "lab1\lab1.vcxproj", "{D25D4D8C-4E21-45F4-911F-CC8627F8973C}"
EndProject
Global
	GlobalSection(SolutionConfigurationPlatforms) = preSolution
		Debug|x64 = Debug|x64
		Debug|x86 = Debug|x86
		Release|x64 = Release|x64
		Release|x86 = Release|x86
	EndGlobalSection
	GlobalSection(ProjectConfigurationPlatforms) = postSolution
		{D25D4D8C-4E21-45F4-911F-CC8627F8973C}.Debug|x64.ActiveCfg = Debug|x64
		{D25D4D8C-4E21-45F4-911F-CC8627F8973C}.Debug|x64.Build.0 = Debug|x64
		{D25D4D8C-4E21-45F4-911F-CC8627F8973C}.Debug|x86.ActiveCfg = Debug|Win32
		{D25D4D8C-4E21-45F4-911F-CC8627F8973C}.Debug|x86.Build.0 = Debug|Win32
		{D25D4D8C-4E21-45F4-911F-CC8627F8973C}.Release|x64.ActiveCfg = Release|x64
		{D25D4D8C-4E21-45F4-911F-CC8627F8973C}.Release|x64.Build.0 = Release|x64
		{D25D4D8C-4E21-45F4-911F-CC8627F8973C}.Release|x86.ActiveCfg = Release|Win32
		{D25D4D8C-4E21-45F4-911F-CC8627F8973C}.Release|x86.Build.0 = Release|Win32
	EndGlobalSection
	GlobalSection(SolutionProperties) = preSolution
		HideSolutionNode = FALSE
	EndGlobalSection
	GlobalSection(ExtensibilityGlobals) = postSolution
		SolutionGuid = {2E81D59A-4B67-4931-ACC0-2A99AD89FB67}
	EndGlobalSection
EndGlobal
